
Microsoft Visual Studio Solution File, Format Version 12.00
# Visual Studio Version 17
VisualStudioVersion = 17.9.34714.143
MinimumVisualStudioVersion = 10.0.40219.1
Project("{FAE04EC0-301F-11D3-BF4B-00C04F79EFBC}") = "Pgc1Aula04Ex01", "Pgc1Aula04Ex01.csproj", "{7D8F4B9D-67AB-47AC-A64B-654D2970620E}"
EndProject
Global
	GlobalSection(SolutionConfigurationPlatforms) = preSolution
		Debug|Any CPU = Debug|Any CPU
		Release|Any CPU = Release|Any CPU
	EndGlobalSection
	GlobalSection(ProjectConfigurationPlatforms) = postSolution
		{7D8F4B9D-67AB-47AC-A64B-654D2970620E}.Debug|Any CPU.ActiveCfg = Debug|Any CPU
		{7D8F4B9D-67AB-47AC-A64B-654D2970620E}.Debug|Any CPU.Build.0 = Debug|Any CPU
		{7D8F4B9D-67AB-47AC-A64B-654D2970620E}.Release|Any CPU.ActiveCfg = Release|Any CPU
		{7D8F4B9D-67AB-47AC-A64B-654D2970620E}.Release|Any CPU.Build.0 = Release|Any CPU
	EndGlobalSection
	GlobalSection(SolutionProperties) = preSolution
		HideSolutionNode = FALSE
	EndGlobalSection
	GlobalSection(ExtensibilityGlobals) = postSolution
		SolutionGuid = {E79CB52C-0678-4157-A5AB-889A5C5CEBBE}
	EndGlobalSection
EndGlobal
